
Microsoft Visual Studio Solution File, Format Version 12.00
# Visual Studio 2013
VisualStudioVersion = 12.0.31101.0
MinimumVisualStudioVersion = 10.0.40219.1
Project("{070BCB52-5A75-4F8C-A973-144AF0EAFCC9}") = "beacon.phonegap", "beacon.phonegap\beacon.phonegap.iceproj", "{D5A3D755-6C1C-4347-933A-1B55175E64EE}"
EndProject
Global
	GlobalSection(SolutionConfigurationPlatforms) = preSolution
		Debug|Any CPU = Debug|Any CPU
		Release|Any CPU = Release|Any CPU
	EndGlobalSection
	GlobalSection(ProjectConfigurationPlatforms) = postSolution
		{D5A3D755-6C1C-4347-933A-1B55175E64EE}.Debug|Any CPU.ActiveCfg = Debug|Any CPU
		{D5A3D755-6C1C-4347-933A-1B55175E64EE}.Debug|Any CPU.Build.0 = Debug|Any CPU
		{D5A3D755-6C1C-4347-933A-1B55175E64EE}.Release|Any CPU.ActiveCfg = Release|Any CPU
		{D5A3D755-6C1C-4347-933A-1B55175E64EE}.Release|Any CPU.Build.0 = Release|Any CPU
	EndGlobalSection
	GlobalSection(SolutionProperties) = preSolution
		HideSolutionNode = FALSE
	EndGlobalSection
EndGlobal
